// !$*UTF8*$!
{
	archiveVersion = 1;
	classes = {
	};
	objectVersion = 50;
	objects = {

/* Begin PBXBuildFile section */
		DF0DAC1826D8AE32006AD141 /* CategoriesData.swift in Sources */ = {isa = PBXBuildFile; fileRef = DF0DAC1726D8AE32006AD141 /* CategoriesData.swift */; };
		DF0DAC1D26D8B488006AD141 /* CategoryCell.swift in Sources */ = {isa = PBXBuildFile; fileRef = DF0DAC1C26D8B488006AD141 /* CategoryCell.swift */; };
		DF0DAC3F26D8BB1F006AD141 /* CategoryCollectionView.swift in Sources */ = {isa = PBXBuildFile; fileRef = DF0DAC3E26D8BB1F006AD141 /* CategoryCollectionView.swift */; };
		DF0DAC4126D8BD78006AD141 /* CellWithCollectionView.swift in Sources */ = {isa = PBXBuildFile; fileRef = DF0DAC4026D8BD78006AD141 /* CellWithCollectionView.swift */; };
		DF4887CC26D159F4005B9519 /* AppDelegate.swift in Sources */ = {isa = PBXBuildFile; fileRef = DF4887CB26D159F4005B9519 /* AppDelegate.swift */; };
		DF4887CE26D159F4005B9519 /* SceneDelegate.swift in Sources */ = {isa = PBXBuildFile; fileRef = DF4887CD26D159F4005B9519 /* SceneDelegate.swift */; };
		DF4887D026D159F4005B9519 /* ViewController.swift in Sources */ = {isa = PBXBuildFile; fileRef = DF4887CF26D159F4005B9519 /* ViewController.swift */; };
		DF4887D626D159F4005B9519 /* RefriOfEveryone4thWithoutStoryboard.xcdatamodeld in Sources */ = {isa = PBXBuildFile; fileRef = DF4887D426D159F4005B9519 /* RefriOfEveryone4thWithoutStoryboard.xcdatamodeld */; };
		DF4887D826D159F9005B9519 /* Assets.xcassets in Resources */ = {isa = PBXBuildFile; fileRef = DF4887D726D159F9005B9519 /* Assets.xcassets */; };
		DF4887DB26D159F9005B9519 /* LaunchScreen.storyboard in Resources */ = {isa = PBXBuildFile; fileRef = DF4887D926D159F9005B9519 /* LaunchScreen.storyboard */; };
		DF4887E426D15CF6005B9519 /* HomeVC.swift in Sources */ = {isa = PBXBuildFile; fileRef = DF4887E326D15CF6005B9519 /* HomeVC.swift */; };
		DF4887E626D15D17005B9519 /* CommunityVC.swift in Sources */ = {isa = PBXBuildFile; fileRef = DF4887E526D15D17005B9519 /* CommunityVC.swift */; };
		DF4887E826D15D2A005B9519 /* AddItemVC.swift in Sources */ = {isa = PBXBuildFile; fileRef = DF4887E726D15D2A005B9519 /* AddItemVC.swift */; };
		DF4887EA26D15D60005B9519 /* NoticeVC.swift in Sources */ = {isa = PBXBuildFile; fileRef = DF4887E926D15D60005B9519 /* NoticeVC.swift */; };
		DF4887EC26D15D6E005B9519 /* MyPageVC.swift in Sources */ = {isa = PBXBuildFile; fileRef = DF4887EB26D15D6E005B9519 /* MyPageVC.swift */; };
		DF4887EE26D15DA6005B9519 /* RFTabBarController.swift in Sources */ = {isa = PBXBuildFile; fileRef = DF4887ED26D15DA6005B9519 /* RFTabBarController.swift */; };
/* End PBXBuildFile section */

/* Begin PBXFileReference section */
		DF0DAC1726D8AE32006AD141 /* CategoriesData.swift */ = {isa = PBXFileReference; lastKnownFileType = sourcecode.swift; path = CategoriesData.swift; sourceTree = "<group>"; };
		DF0DAC1C26D8B488006AD141 /* CategoryCell.swift */ = {isa = PBXFileReference; lastKnownFileType = sourcecode.swift; path = CategoryCell.swift; sourceTree = "<group>"; };
		DF0DAC3E26D8BB1F006AD141 /* CategoryCollectionView.swift */ = {isa = PBXFileReference; lastKnownFileType = sourcecode.swift; path = CategoryCollectionView.swift; sourceTree = "<group>"; };
		DF0DAC4026D8BD78006AD141 /* CellWithCollectionView.swift */ = {isa = PBXFileReference; lastKnownFileType = sourcecode.swift; path = CellWithCollectionView.swift; sourceTree = "<group>"; };
		DF4887C826D159F4005B9519 /* RefriOfEveryone4thWithoutStoryboard.app */ = {isa = PBXFileReference; explicitFileType = wrapper.application; includeInIndex = 0; path = RefriOfEveryone4thWithoutStoryboard.app; sourceTree = BUILT_PRODUCTS_DIR; };
		DF4887CB26D159F4005B9519 /* AppDelegate.swift */ = {isa = PBXFileReference; lastKnownFileType = sourcecode.swift; path = AppDelegate.swift; sourceTree = "<group>"; };
		DF4887CD26D159F4005B9519 /* SceneDelegate.swift */ = {isa = PBXFileReference; lastKnownFileType = sourcecode.swift; path = SceneDelegate.swift; sourceTree = "<group>"; };
		DF4887CF26D159F4005B9519 /* ViewController.swift */ = {isa = PBXFileReference; lastKnownFileType = sourcecode.swift; path = ViewController.swift; sourceTree = "<group>"; };
		DF4887D526D159F4005B9519 /* RefriOfEveryone4thWithoutStoryboard.xcdatamodel */ = {isa = PBXFileReference; lastKnownFileType = wrapper.xcdatamodel; path = RefriOfEveryone4thWithoutStoryboard.xcdatamodel; sourceTree = "<group>"; };
		DF4887D726D159F9005B9519 /* Assets.xcassets */ = {isa = PBXFileReference; lastKnownFileType = folder.assetcatalog; path = Assets.xcassets; sourceTree = "<group>"; };
		DF4887DA26D159F9005B9519 /* Base */ = {isa = PBXFileReference; lastKnownFileType = file.storyboard; name = Base; path = Base.lproj/LaunchScreen.storyboard; sourceTree = "<group>"; };
		DF4887DC26D159F9005B9519 /* Info.plist */ = {isa = PBXFileReference; lastKnownFileType = text.plist.xml; path = Info.plist; sourceTree = "<group>"; };
		DF4887E326D15CF6005B9519 /* HomeVC.swift */ = {isa = PBXFileReference; lastKnownFileType = sourcecode.swift; path = HomeVC.swift; sourceTree = "<group>"; };
		DF4887E526D15D17005B9519 /* CommunityVC.swift */ = {isa = PBXFileReference; lastKnownFileType = sourcecode.swift; path = CommunityVC.swift; sourceTree = "<group>"; };
		DF4887E726D15D2A005B9519 /* AddItemVC.swift */ = {isa = PBXFileReference; lastKnownFileType = sourcecode.swift; path = AddItemVC.swift; sourceTree = "<group>"; };
		DF4887E926D15D60005B9519 /* NoticeVC.swift */ = {isa = PBXFileReference; lastKnownFileType = sourcecode.swift; path = NoticeVC.swift; sourceTree = "<group>"; };
		DF4887EB26D15D6E005B9519 /* MyPageVC.swift */ = {isa = PBXFileReference; lastKnownFileType = sourcecode.swift; path = MyPageVC.swift; sourceTree = "<group>"; };
		DF4887ED26D15DA6005B9519 /* RFTabBarController.swift */ = {isa = PBXFileReference; lastKnownFileType = sourcecode.swift; path = RFTabBarController.swift; sourceTree = "<group>"; };
/* End PBXFileReference section */

/* Begin PBXFrameworksBuildPhase section */
		DF4887C526D159F4005B9519 /* Frameworks */ = {
			isa = PBXFrameworksBuildPhase;
			buildActionMask = 2147483647;
			files = (
			);
			runOnlyForDeploymentPostprocessing = 0;
		};
/* End PBXFrameworksBuildPhase section */

/* Begin PBXGroup section */
		DF0DAC1926D8B107006AD141 /* View */ = {
			isa = PBXGroup;
			children = (
				DF0DAC1C26D8B488006AD141 /* CategoryCell.swift */,
				DF0DAC4026D8BD78006AD141 /* CellWithCollectionView.swift */,
				DF0DAC3E26D8BB1F006AD141 /* CategoryCollectionView.swift */,
			);
			path = View;
			sourceTree = "<group>";
		};
		DF4887BF26D159F4005B9519 = {
			isa = PBXGroup;
			children = (
				DF4887CA26D159F4005B9519 /* RefriOfEveryone4thWithoutStoryboard */,
				DF4887C926D159F4005B9519 /* Products */,
			);
			sourceTree = "<group>";
		};
		DF4887C926D159F4005B9519 /* Products */ = {
			isa = PBXGroup;
			children = (
				DF4887C826D159F4005B9519 /* RefriOfEveryone4thWithoutStoryboard.app */,
			);
			name = Products;
			sourceTree = "<group>";
		};
		DF4887CA26D159F4005B9519 /* RefriOfEveryone4thWithoutStoryboard */ = {
			isa = PBXGroup;
			children = (
				DF0DAC1926D8B107006AD141 /* View */,
				DF4887E226D15CCC005B9519 /* Screens */,
				DF4887CB26D159F4005B9519 /* AppDelegate.swift */,
				DF4887CD26D159F4005B9519 /* SceneDelegate.swift */,
				DF4887CF26D159F4005B9519 /* ViewController.swift */,
				DF4887D726D159F9005B9519 /* Assets.xcassets */,
				DF4887D926D159F9005B9519 /* LaunchScreen.storyboard */,
				DF4887DC26D159F9005B9519 /* Info.plist */,
				DF4887D426D159F4005B9519 /* RefriOfEveryone4thWithoutStoryboard.xcdatamodeld */,
				DF4887ED26D15DA6005B9519 /* RFTabBarController.swift */,
				DF0DAC1726D8AE32006AD141 /* CategoriesData.swift */,
			);
			path = RefriOfEveryone4thWithoutStoryboard;
			sourceTree = "<group>";
		};
		DF4887E226D15CCC005B9519 /* Screens */ = {
			isa = PBXGroup;
			children = (
				DF4887E326D15CF6005B9519 /* HomeVC.swift */,
				DF4887E526D15D17005B9519 /* CommunityVC.swift */,
				DF4887E726D15D2A005B9519 /* AddItemVC.swift */,
				DF4887E926D15D60005B9519 /* NoticeVC.swift */,
				DF4887EB26D15D6E005B9519 /* MyPageVC.swift */,
			);
			path = Screens;
			sourceTree = "<group>";
		};
/* End PBXGroup section */

/* Begin PBXNativeTarget section */
		DF4887C726D159F4005B9519 /* RefriOfEveryone4thWithoutStoryboard */ = {
			isa = PBXNativeTarget;
			buildConfigurationList = DF4887DF26D159F9005B9519 /* Build configuration list for PBXNativeTarget "RefriOfEveryone4thWithoutStoryboard" */;
			buildPhases = (
				DF4887C426D159F4005B9519 /* Sources */,
				DF4887C526D159F4005B9519 /* Frameworks */,
				DF4887C626D159F4005B9519 /* Resources */,
			);
			buildRules = (
			);
			dependencies = (
			);
			name = RefriOfEveryone4thWithoutStoryboard;
			productName = RefriOfEveryone4thWithoutStoryboard;
			productReference = DF4887C826D159F4005B9519 /* RefriOfEveryone4thWithoutStoryboard.app */;
			productType = "com.apple.product-type.application";
		};
/* End PBXNativeTarget section */

/* Begin PBXProject section */
		DF4887C026D159F4005B9519 /* Project object */ = {
			isa = PBXProject;
			attributes = {
				LastSwiftUpdateCheck = 1250;
				LastUpgradeCheck = 1250;
				TargetAttributes = {
					DF4887C726D159F4005B9519 = {
						CreatedOnToolsVersion = 12.5.1;
					};
				};
			};
			buildConfigurationList = DF4887C326D159F4005B9519 /* Build configuration list for PBXProject "RefriOfEveryone4thWithoutStoryboard" */;
			compatibilityVersion = "Xcode 9.3";
			developmentRegion = en;
			hasScannedForEncodings = 0;
			knownRegions = (
				en,
				Base,
			);
			mainGroup = DF4887BF26D159F4005B9519;
			productRefGroup = DF4887C926D159F4005B9519 /* Products */;
			projectDirPath = "";
			projectRoot = "";
			targets = (
				DF4887C726D159F4005B9519 /* RefriOfEveryone4thWithoutStoryboard */,
			);
		};
/* End PBXProject section */

/* Begin PBXResourcesBuildPhase section */
		DF4887C626D159F4005B9519 /* Resources */ = {
			isa = PBXResourcesBuildPhase;
			buildActionMask = 2147483647;
			files = (
				DF4887DB26D159F9005B9519 /* LaunchScreen.storyboard in Resources */,
				DF4887D826D159F9005B9519 /* Assets.xcassets in Resources */,
			);
			runOnlyForDeploymentPostprocessing = 0;
		};
/* End PBXResourcesBuildPhase section */

/* Begin PBXSourcesBuildPhase section */
		DF4887C426D159F4005B9519 /* Sources */ = {
			isa = PBXSourcesBuildPhase;
			buildActionMask = 2147483647;
			files = (
				DF0DAC1D26D8B488006AD141 /* CategoryCell.swift in Sources */,
				DF4887E626D15D17005B9519 /* CommunityVC.swift in Sources */,
				DF4887D026D159F4005B9519 /* ViewController.swift in Sources */,
				DF4887E426D15CF6005B9519 /* HomeVC.swift in Sources */,
				DF0DAC3F26D8BB1F006AD141 /* CategoryCollectionView.swift in Sources */,
				DF4887EE26D15DA6005B9519 /* RFTabBarController.swift in Sources */,
				DF0DAC4126D8BD78006AD141 /* CellWithCollectionView.swift in Sources */,
				DF4887CC26D159F4005B9519 /* AppDelegate.swift in Sources */,
				DF0DAC1826D8AE32006AD141 /* CategoriesData.swift in Sources */,
				DF4887EC26D15D6E005B9519 /* MyPageVC.swift in Sources */,
				DF4887EA26D15D60005B9519 /* NoticeVC.swift in Sources */,
				DF4887CE26D159F4005B9519 /* SceneDelegate.swift in Sources */,
				DF4887D626D159F4005B9519 /* RefriOfEveryone4thWithoutStoryboard.xcdatamodeld in Sources */,
				DF4887E826D15D2A005B9519 /* AddItemVC.swift in Sources */,
			);
			runOnlyForDeploymentPostprocessing = 0;
		};
/* End PBXSourcesBuildPhase section */

/* Begin PBXVariantGroup section */
		DF4887D926D159F9005B9519 /* LaunchScreen.storyboard */ = {
			isa = PBXVariantGroup;
			children = (
				DF4887DA26D159F9005B9519 /* Base */,
			);
			name = LaunchScreen.storyboard;
			sourceTree = "<group>";
		};
/* End PBXVariantGroup section */

/* Begin XCBuildConfiguration section */
		DF4887DD26D159F9005B9519 /* Debug */ = {
			isa = XCBuildConfiguration;
			buildSettings = {
				ALWAYS_SEARCH_USER_PATHS = NO;
				CLANG_ANALYZER_NONNULL = YES;
				CLANG_ANALYZER_NUMBER_OBJECT_CONVERSION = YES_AGGRESSIVE;
				CLANG_CXX_LANGUAGE_STANDARD = "gnu++14";
				CLANG_CXX_LIBRARY = "libc++";
				CLANG_ENABLE_MODULES = YES;
				CLANG_ENABLE_OBJC_ARC = YES;
				CLANG_ENABLE_OBJC_WEAK = YES;
				CLANG_WARN_BLOCK_CAPTURE_AUTORELEASING = YES;
				CLANG_WARN_BOOL_CONVERSION = YES;
				CLANG_WARN_COMMA = YES;
				CLANG_WARN_CONSTANT_CONVERSION = YES;
				CLANG_WARN_DEPRECATED_OBJC_IMPLEMENTATIONS = YES;
				CLANG_WARN_DIRECT_OBJC_ISA_USAGE = YES_ERROR;
				CLANG_WARN_DOCUMENTATION_COMMENTS = YES;
				CLANG_WARN_EMPTY_BODY = YES;
				CLANG_WARN_ENUM_CONVERSION = YES;
				CLANG_WARN_INFINITE_RECURSION = YES;
				CLANG_WARN_INT_CONVERSION = YES;
				CLANG_WARN_NON_LITERAL_NULL_CONVERSION = YES;
				CLANG_WARN_OBJC_IMPLICIT_RETAIN_SELF = YES;
				CLANG_WARN_OBJC_LITERAL_CONVERSION = YES;
				CLANG_WARN_OBJC_ROOT_CLASS = YES_ERROR;
				CLANG_WARN_QUOTED_INCLUDE_IN_FRAMEWORK_HEADER = YES;
				CLANG_WARN_RANGE_LOOP_ANALYSIS = YES;
				CLANG_WARN_STRICT_PROTOTYPES = YES;
				CLANG_WARN_SUSPICIOUS_MOVE = YES;
				CLANG_WARN_UNGUARDED_AVAILABILITY = YES_AGGRESSIVE;
				CLANG_WARN_UNREACHABLE_CODE = YES;
				CLANG_WARN__DUPLICATE_METHOD_MATCH = YES;
				COPY_PHASE_STRIP = NO;
				DEBUG_INFORMATION_FORMAT = dwarf;
				ENABLE_STRICT_OBJC_MSGSEND = YES;
				ENABLE_TESTABILITY = YES;
				GCC_C_LANGUAGE_STANDARD = gnu11;
				GCC_DYNAMIC_NO_PIC = NO;
				GCC_NO_COMMON_BLOCKS = YES;
				GCC_OPTIMIZATION_LEVEL = 0;
				GCC_PREPROCESSOR_DEFINITIONS = (
					"DEBUG=1",
					"$(inherited)",
				);
				GCC_WARN_64_TO_32_BIT_CONVERSION = YES;
				GCC_WARN_ABOUT_RETURN_TYPE = YES_ERROR;
				GCC_WARN_UNDECLARED_SELECTOR = YES;
				GCC_WARN_UNINITIALIZED_AUTOS = YES_AGGRESSIVE;
				GCC_WARN_UNUSED_FUNCTION = YES;
				GCC_WARN_UNUSED_VARIABLE = YES;
				IPHONEOS_DEPLOYMENT_TARGET = 14.5;
				MTL_ENABLE_DEBUG_INFO = INCLUDE_SOURCE;
				MTL_FAST_MATH = YES;
				ONLY_ACTIVE_ARCH = YES;
				SDKROOT = iphoneos;
				SWIFT_ACTIVE_COMPILATION_CONDITIONS = DEBUG;
				SWIFT_OPTIMIZATION_LEVEL = "-Onone";
			};
			name = Debug;
		};
		DF4887DE26D159F9005B9519 /* Release */ = {
			isa = XCBuildConfiguration;
			buildSettings = {
				ALWAYS_SEARCH_USER_PATHS = NO;
				CLANG_ANALYZER_NONNULL = YES;
				CLANG_ANALYZER_NUMBER_OBJECT_CONVERSION = YES_AGGRESSIVE;
				CLANG_CXX_LANGUAGE_STANDARD = "gnu++14";
				CLANG_CXX_LIBRARY = "libc++";
				CLANG_ENABLE_MODULES = YES;
				CLANG_ENABLE_OBJC_ARC = YES;
				CLANG_ENABLE_OBJC_WEAK = YES;
				CLANG_WARN_BLOCK_CAPTURE_AUTORELEASING = YES;
				CLANG_WARN_BOOL_CONVERSION = YES;
				CLANG_WARN_COMMA = YES;
				CLANG_WARN_CONSTANT_CONVERSION = YES;
				CLANG_WARN_DEPRECATED_OBJC_IMPLEMENTATIONS = YES;
				CLANG_WARN_DIRECT_OBJC_ISA_USAGE = YES_ERROR;
				CLANG_WARN_DOCUMENTATION_COMMENTS = YES;
				CLANG_WARN_EMPTY_BODY = YES;
				CLANG_WARN_ENUM_CONVERSION = YES;
				CLANG_WARN_INFINITE_RECURSION = YES;
				CLANG_WARN_INT_CONVERSION = YES;
				CLANG_WARN_NON_LITERAL_NULL_CONVERSION = YES;
				CLANG_WARN_OBJC_IMPLICIT_RETAIN_SELF = YES;
				CLANG_WARN_OBJC_LITERAL_CONVERSION = YES;
				CLANG_WARN_OBJC_ROOT_CLASS = YES_ERROR;
				CLANG_WARN_QUOTED_INCLUDE_IN_FRAMEWORK_HEADER = YES;
				CLANG_WARN_RANGE_LOOP_ANALYSIS = YES;
				CLANG_WARN_STRICT_PROTOTYPES = YES;
				CLANG_WARN_SUSPICIOUS_MOVE = YES;
				CLANG_WARN_UNGUARDED_AVAILABILITY = YES_AGGRESSIVE;
				CLANG_WARN_UNREACHABLE_CODE = YES;
				CLANG_WARN__DUPLICATE_METHOD_MATCH = YES;
				COPY_PHASE_STRIP = NO;
				DEBUG_INFORMATION_FORMAT = "dwarf-with-dsym";
				ENABLE_NS_ASSERTIONS = NO;
				ENABLE_STRICT_OBJC_MSGSEND = YES;
				GCC_C_LANGUAGE_STANDARD = gnu11;
				GCC_NO_COMMON_BLOCKS = YES;
				GCC_WARN_64_TO_32_BIT_CONVERSION = YES;
				GCC_WARN_ABOUT_RETURN_TYPE = YES_ERROR;
				GCC_WARN_UNDECLARED_SELECTOR = YES;
				GCC_WARN_UNINITIALIZED_AUTOS = YES_AGGRESSIVE;
				GCC_WARN_UNUSED_FUNCTION = YES;
				GCC_WARN_UNUSED_VARIABLE = YES;
				IPHONEOS_DEPLOYMENT_TARGET = 14.5;
				MTL_ENABLE_DEBUG_INFO = NO;
				MTL_FAST_MATH = YES;
				SDKROOT = iphoneos;
				SWIFT_COMPILATION_MODE = wholemodule;
				SWIFT_OPTIMIZATION_LEVEL = "-O";
				VALIDATE_PRODUCT = YES;
			};
			name = Release;
		};
		DF4887E026D159F9005B9519 /* Debug */ = {
			isa = XCBuildConfiguration;
			buildSettings = {
				ASSETCATALOG_COMPILER_APPICON_NAME = AppIcon;
				ASSETCATALOG_COMPILER_GLOBAL_ACCENT_COLOR_NAME = AccentColor;
				CODE_SIGN_STYLE = Automatic;
				DEVELOPMENT_TEAM = 6GGFAY4XMT;
				INFOPLIST_FILE = RefriOfEveryone4thWithoutStoryboard/Info.plist;
				LD_RUNPATH_SEARCH_PATHS = (
					"$(inherited)",
					"@executable_path/Frameworks",
				);
				PRODUCT_BUNDLE_IDENTIFIER = com.simyo.RefriOfEveryone4thWithoutStoryboard;
				PRODUCT_NAME = "$(TARGET_NAME)";
				SWIFT_VERSION = 5.0;
				TARGETED_DEVICE_FAMILY = "1,2";
			};
			name = Debug;
		};
		DF4887E126D159F9005B9519 /* Release */ = {
			isa = XCBuildConfiguration;
			buildSettings = {
				ASSETCATALOG_COMPILER_APPICON_NAME = AppIcon;
				ASSETCATALOG_COMPILER_GLOBAL_ACCENT_COLOR_NAME = AccentColor;
				CODE_SIGN_STYLE = Automatic;
				DEVELOPMENT_TEAM = 6GGFAY4XMT;
				INFOPLIST_FILE = RefriOfEveryone4thWithoutStoryboard/Info.plist;
				LD_RUNPATH_SEARCH_PATHS = (
					"$(inherited)",
					"@executable_path/Frameworks",
				);
				PRODUCT_BUNDLE_IDENTIFIER = com.simyo.RefriOfEveryone4thWithoutStoryboard;
				PRODUCT_NAME = "$(TARGET_NAME)";
				SWIFT_VERSION = 5.0;
				TARGETED_DEVICE_FAMILY = "1,2";
			};
			name = Release;
		};
/* End XCBuildConfiguration section */

/* Begin XCConfigurationList section */
		DF4887C326D159F4005B9519 /* Build configuration list for PBXProject "RefriOfEveryone4thWithoutStoryboard" */ = {
			isa = XCConfigurationList;
			buildConfigurations = (
				DF4887DD26D159F9005B9519 /* Debug */,
				DF4887DE26D159F9005B9519 /* Release */,
			);
			defaultConfigurationIsVisible = 0;
			defaultConfigurationName = Release;
		};
		DF4887DF26D159F9005B9519 /* Build configuration list for PBXNativeTarget "RefriOfEveryone4thWithoutStoryboard" */ = {
			isa = XCConfigurationList;
			buildConfigurations = (
				DF4887E026D159F9005B9519 /* Debug */,
				DF4887E126D159F9005B9519 /* Release */,
			);
			defaultConfigurationIsVisible = 0;
			defaultConfigurationName = Release;
		};
/* End XCConfigurationList section */

/* Begin XCVersionGroup section */
		DF4887D426D159F4005B9519 /* RefriOfEveryone4thWithoutStoryboard.xcdatamodeld */ = {
			isa = XCVersionGroup;
			children = (
				DF4887D526D159F4005B9519 /* RefriOfEveryone4thWithoutStoryboard.xcdatamodel */,
			);
			currentVersion = DF4887D526D159F4005B9519 /* RefriOfEveryone4thWithoutStoryboard.xcdatamodel */;
			path = RefriOfEveryone4thWithoutStoryboard.xcdatamodeld;
			sourceTree = "<group>";
			versionGroupType = wrapper.xcdatamodel;
		};
/* End XCVersionGroup section */
	};
	rootObject = DF4887C026D159F4005B9519 /* Project object */;
}
